
Microsoft Visual Studio Solution File, Format Version 12.00
# Visual Studio 15
VisualStudioVersion = 15.0.27428.2037
MinimumVisualStudioVersion = 10.0.40219.1
Project("{E24C65DC-7377-472B-9ABA-BC803B73C61A}") = "ProjectASP", "ProjectASP\", "{79D4BDC0-5ABB-4129-8156-34B4C7FD90BB}"
	ProjectSection(WebsiteProperties) = preProject
		TargetFrameworkMoniker = ".NETFramework,Version%3Dv4.6.1"
		Debug.AspNetCompiler.VirtualPath = "/localhost_49918"
		Debug.AspNetCompiler.PhysicalPath = "ProjectASP\"
		Debug.AspNetCompiler.TargetPath = "PrecompiledWeb\localhost_49918\"
		Debug.AspNetCompiler.Updateable = "true"
		Debug.AspNetCompiler.ForceOverwrite = "true"
		Debug.AspNetCompiler.FixedNames = "false"
		Debug.AspNetCompiler.Debug = "True"
		Release.AspNetCompiler.VirtualPath = "/localhost_49918"
		Release.AspNetCompiler.PhysicalPath = "ProjectASP\"
		Release.AspNetCompiler.TargetPath = "PrecompiledWeb\localhost_49918\"
		Release.AspNetCompiler.Updateable = "true"
		Release.AspNetCompiler.ForceOverwrite = "true"
		Release.AspNetCompiler.FixedNames = "false"
		Release.AspNetCompiler.Debug = "False"
		VWDPort = "49918"
		SlnRelativePath = "ProjectASP\"
		DefaultWebSiteLanguage = "Visual C#"
	EndProjectSection
EndProject
Global
	GlobalSection(SolutionConfigurationPlatforms) = preSolution
		Debug|Any CPU = Debug|Any CPU
	EndGlobalSection
	GlobalSection(ProjectConfigurationPlatforms) = postSolution
		{79D4BDC0-5ABB-4129-8156-34B4C7FD90BB}.Debug|Any CPU.ActiveCfg = Debug|Any CPU
		{79D4BDC0-5ABB-4129-8156-34B4C7FD90BB}.Debug|Any CPU.Build.0 = Debug|Any CPU
	EndGlobalSection
	GlobalSection(SolutionProperties) = preSolution
		HideSolutionNode = FALSE
	EndGlobalSection
	GlobalSection(ExtensibilityGlobals) = postSolution
		SolutionGuid = {82F5AA1B-43F7-4DD5-BD83-33B0636AC80B}
	EndGlobalSection
EndGlobal
